
Microsoft Visual Studio Solution File, Format Version 12.00
# Visual Studio Version 17
VisualStudioVersion = 17.6.33829.357
MinimumVisualStudioVersion = 10.0.40219.1
Project("{FAE04EC0-301F-11D3-BF4B-00C04F79EFBC}") = "PruebaAlgoritmo", "PruebaAlgoritmo\PruebaAlgoritmo.csproj", "{07E3D308-59A4-4453-9C26-E2DFB05EBBA6}"
EndProject
Global
	GlobalSection(SolutionConfigurationPlatforms) = preSolution
		Debug|Any CPU = Debug|Any CPU
		Release|Any CPU = Release|Any CPU
	EndGlobalSection
	GlobalSection(ProjectConfigurationPlatforms) = postSolution
		{07E3D308-59A4-4453-9C26-E2DFB05EBBA6}.Debug|Any CPU.ActiveCfg = Debug|Any CPU
		{07E3D308-59A4-4453-9C26-E2DFB05EBBA6}.Debug|Any CPU.Build.0 = Debug|Any CPU
		{07E3D308-59A4-4453-9C26-E2DFB05EBBA6}.Release|Any CPU.ActiveCfg = Release|Any CPU
		{07E3D308-59A4-4453-9C26-E2DFB05EBBA6}.Release|Any CPU.Build.0 = Release|Any CPU
	EndGlobalSection
	GlobalSection(SolutionProperties) = preSolution
		HideSolutionNode = FALSE
	EndGlobalSection
	GlobalSection(ExtensibilityGlobals) = postSolution
		SolutionGuid = {20164702-E6CA-4B1E-A2DC-9C7ABC28D0A6}
	EndGlobalSection
EndGlobal
