
Microsoft Visual Studio Solution File, Format Version 12.00
# Visual Studio Version 17
VisualStudioVersion = 17.6.33829.357
MinimumVisualStudioVersion = 10.0.40219.1
Project("{FAE04EC0-301F-11D3-BF4B-00C04F79EFBC}") = "Perimetro_area_circunf", "Perimetro_area_circunf\Perimetro_area_circunf.csproj", "{6697C8AC-97D9-4B0D-AD99-736DDB003B64}"
EndProject
Global
	GlobalSection(SolutionConfigurationPlatforms) = preSolution
		Debug|Any CPU = Debug|Any CPU
		Release|Any CPU = Release|Any CPU
	EndGlobalSection
	GlobalSection(ProjectConfigurationPlatforms) = postSolution
		{6697C8AC-97D9-4B0D-AD99-736DDB003B64}.Debug|Any CPU.ActiveCfg = Debug|Any CPU
		{6697C8AC-97D9-4B0D-AD99-736DDB003B64}.Debug|Any CPU.Build.0 = Debug|Any CPU
		{6697C8AC-97D9-4B0D-AD99-736DDB003B64}.Release|Any CPU.ActiveCfg = Release|Any CPU
		{6697C8AC-97D9-4B0D-AD99-736DDB003B64}.Release|Any CPU.Build.0 = Release|Any CPU
	EndGlobalSection
	GlobalSection(SolutionProperties) = preSolution
		HideSolutionNode = FALSE
	EndGlobalSection
	GlobalSection(ExtensibilityGlobals) = postSolution
		SolutionGuid = {131B9488-B444-424E-A403-505180DB89DF}
	EndGlobalSection
EndGlobal
